
Microsoft Visual Studio Solution File, Format Version 12.00
# Visual Studio Version 17
VisualStudioVersion = 17.7.34202.233
MinimumVisualStudioVersion = 10.0.40219.1
Project("{FAE04EC0-301F-11D3-BF4B-00C04F79EFBC}") = "TechGalaxyProject", "TechGalaxyProject\TechGalaxyProject.csproj", "{3CDA04A8-50AC-4BA2-BBA1-9678E8324877}"
EndProject
Global
	GlobalSection(SolutionConfigurationPlatforms) = preSolution
		Debug|Any CPU = Debug|Any CPU
		Release|Any CPU = Release|Any CPU
	EndGlobalSection
	GlobalSection(ProjectConfigurationPlatforms) = postSolution
		{3CDA04A8-50AC-4BA2-BBA1-9678E8324877}.Debug|Any CPU.ActiveCfg = Debug|Any CPU
		{3CDA04A8-50AC-4BA2-BBA1-9678E8324877}.Debug|Any CPU.Build.0 = Debug|Any CPU
		{3CDA04A8-50AC-4BA2-BBA1-9678E8324877}.Release|Any CPU.ActiveCfg = Release|Any CPU
		{3CDA04A8-50AC-4BA2-BBA1-9678E8324877}.Release|Any CPU.Build.0 = Release|Any CPU
	EndGlobalSection
	GlobalSection(SolutionProperties) = preSolution
		HideSolutionNode = FALSE
	EndGlobalSection
	GlobalSection(ExtensibilityGlobals) = postSolution
		SolutionGuid = {24B45B5D-CDFB-4420-B75C-920F9F60810A}
	EndGlobalSection
EndGlobal
